
Microsoft Visual Studio Solution File, Format Version 12.00
# Visual Studio Version 17
VisualStudioVersion = 17.5.33530.505
MinimumVisualStudioVersion = 10.0.40219.1
Project("{FAE04EC0-301F-11D3-BF4B-00C04F79EFBC}") = "Terningen", "Terningen.csproj", "{B3E9A0F2-A824-4200-9856-4393BF6A8CED}"
EndProject
Global
	GlobalSection(SolutionConfigurationPlatforms) = preSolution
		Debug|Any CPU = Debug|Any CPU
		Release|Any CPU = Release|Any CPU
	EndGlobalSection
	GlobalSection(ProjectConfigurationPlatforms) = postSolution
		{B3E9A0F2-A824-4200-9856-4393BF6A8CED}.Debug|Any CPU.ActiveCfg = Debug|Any CPU
		{B3E9A0F2-A824-4200-9856-4393BF6A8CED}.Debug|Any CPU.Build.0 = Debug|Any CPU
		{B3E9A0F2-A824-4200-9856-4393BF6A8CED}.Release|Any CPU.ActiveCfg = Release|Any CPU
		{B3E9A0F2-A824-4200-9856-4393BF6A8CED}.Release|Any CPU.Build.0 = Release|Any CPU
	EndGlobalSection
	GlobalSection(SolutionProperties) = preSolution
		HideSolutionNode = FALSE
	EndGlobalSection
	GlobalSection(ExtensibilityGlobals) = postSolution
		SolutionGuid = {C716B8C4-922B-49A7-A514-CA4EEED1BBCB}
	EndGlobalSection
EndGlobal
